
Microsoft Visual Studio Solution File, Format Version 12.00
# Visual Studio Version 16
VisualStudioVersion = 16.0.28803.202
MinimumVisualStudioVersion = 10.0.40219.1
Project("{FAE04EC0-301F-11D3-BF4B-00C04F79EFBC}") = "shadowsocksr", "shadowsocks-csharp\shadowsocksr.csproj", "{0F2A0C8A-6C06-485B-AA13-AEEC19CA9637}"
EndProject
Project("{FAE04EC0-301F-11D3-BF4B-00C04F79EFBC}") = "UnitTest", "UnitTest\UnitTest.csproj", "{C4B1E5EC-C6BE-4726-B8CA-B4C84D4852B9}"
EndProject
Global
	GlobalSection(SolutionConfigurationPlatforms) = preSolution
		Debug|Any CPU = Debug|Any CPU
		Release|Any CPU = Release|Any CPU
	EndGlobalSection
	GlobalSection(ProjectConfigurationPlatforms) = postSolution
		{0F2A0C8A-6C06-485B-AA13-AEEC19CA9637}.Debug|Any CPU.ActiveCfg = Debug|Any CPU
		{0F2A0C8A-6C06-485B-AA13-AEEC19CA9637}.Debug|Any CPU.Build.0 = Debug|Any CPU
		{0F2A0C8A-6C06-485B-AA13-AEEC19CA9637}.Release|Any CPU.ActiveCfg = Release|Any CPU
		{0F2A0C8A-6C06-485B-AA13-AEEC19CA9637}.Release|Any CPU.Build.0 = Release|Any CPU
		{C4B1E5EC-C6BE-4726-B8CA-B4C84D4852B9}.Debug|Any CPU.ActiveCfg = Debug|Any CPU
		{C4B1E5EC-C6BE-4726-B8CA-B4C84D4852B9}.Debug|Any CPU.Build.0 = Debug|Any CPU
		{C4B1E5EC-C6BE-4726-B8CA-B4C84D4852B9}.Release|Any CPU.ActiveCfg = Release|Any CPU
		{C4B1E5EC-C6BE-4726-B8CA-B4C84D4852B9}.Release|Any CPU.Build.0 = Release|Any CPU
	EndGlobalSection
	GlobalSection(SolutionProperties) = preSolution
		HideSolutionNode = FALSE
	EndGlobalSection
	GlobalSection(ExtensibilityGlobals) = postSolution
		SolutionGuid = {A01216A5-279B-4D66-9408-F7B97F2B782F}
	EndGlobalSection
EndGlobal
